// !$*UTF8*$!
{
	archiveVersion = 1;
	classes = {
	};
	objectVersion = 50;
	objects = {

/* Begin PBXBuildFile section */
		70B24CCF2631F336007140C9 /* PlanetDisplayViewController.swift in Sources */ = {isa = PBXBuildFile; fileRef = 70B24CCE2631F336007140C9 /* PlanetDisplayViewController.swift */; };
		70B24CD326327402007140C9 /* FractionDisplayViewController.swift in Sources */ = {isa = PBXBuildFile; fileRef = 70B24CD226327402007140C9 /* FractionDisplayViewController.swift */; };
		71935C802630A882006A500B /* AppDelegate.swift in Sources */ = {isa = PBXBuildFile; fileRef = 71935C7F2630A882006A500B /* AppDelegate.swift */; };
		71935C822630A882006A500B /* SceneDelegate.swift in Sources */ = {isa = PBXBuildFile; fileRef = 71935C812630A882006A500B /* SceneDelegate.swift */; };
		71935C842630A882006A500B /* ViewController.swift in Sources */ = {isa = PBXBuildFile; fileRef = 71935C832630A882006A500B /* ViewController.swift */; };
		71935C872630A882006A500B /* Main.storyboard in Resources */ = {isa = PBXBuildFile; fileRef = 71935C852630A882006A500B /* Main.storyboard */; };
		71935C892630A883006A500B /* Assets.xcassets in Resources */ = {isa = PBXBuildFile; fileRef = 71935C882630A883006A500B /* Assets.xcassets */; };
		71935C8C2630A883006A500B /* LaunchScreen.storyboard in Resources */ = {isa = PBXBuildFile; fileRef = 71935C8A2630A883006A500B /* LaunchScreen.storyboard */; };
		71935C9A2630AB61006A500B /* Oliver_Functions.swift in Sources */ = {isa = PBXBuildFile; fileRef = 71935C992630AB61006A500B /* Oliver_Functions.swift */; };
		71935CC62632AF12006A500B /* DetailLookup.swift in Sources */ = {isa = PBXBuildFile; fileRef = 71935CC52632AF12006A500B /* DetailLookup.swift */; };
/* End PBXBuildFile section */

/* Begin PBXFileReference section */
		70B24CCE2631F336007140C9 /* PlanetDisplayViewController.swift */ = {isa = PBXFileReference; lastKnownFileType = sourcecode.swift; path = PlanetDisplayViewController.swift; sourceTree = "<group>"; };
		70B24CD226327402007140C9 /* FractionDisplayViewController.swift */ = {isa = PBXFileReference; lastKnownFileType = sourcecode.swift; path = FractionDisplayViewController.swift; sourceTree = "<group>"; };
		71935C7C2630A882006A500B /* PlanetGenerator.app */ = {isa = PBXFileReference; explicitFileType = wrapper.application; includeInIndex = 0; path = PlanetGenerator.app; sourceTree = BUILT_PRODUCTS_DIR; };
		71935C7F2630A882006A500B /* AppDelegate.swift */ = {isa = PBXFileReference; lastKnownFileType = sourcecode.swift; path = AppDelegate.swift; sourceTree = "<group>"; };
		71935C812630A882006A500B /* SceneDelegate.swift */ = {isa = PBXFileReference; lastKnownFileType = sourcecode.swift; path = SceneDelegate.swift; sourceTree = "<group>"; };
		71935C832630A882006A500B /* ViewController.swift */ = {isa = PBXFileReference; lastKnownFileType = sourcecode.swift; path = ViewController.swift; sourceTree = "<group>"; };
		71935C862630A882006A500B /* Base */ = {isa = PBXFileReference; lastKnownFileType = file.storyboard; name = Base; path = Base.lproj/Main.storyboard; sourceTree = "<group>"; };
		71935C882630A883006A500B /* Assets.xcassets */ = {isa = PBXFileReference; lastKnownFileType = folder.assetcatalog; path = Assets.xcassets; sourceTree = "<group>"; };
		71935C8B2630A883006A500B /* Base */ = {isa = PBXFileReference; lastKnownFileType = file.storyboard; name = Base; path = Base.lproj/LaunchScreen.storyboard; sourceTree = "<group>"; };
		71935C8D2630A883006A500B /* Info.plist */ = {isa = PBXFileReference; lastKnownFileType = text.plist.xml; path = Info.plist; sourceTree = "<group>"; };
		71935C992630AB61006A500B /* Oliver_Functions.swift */ = {isa = PBXFileReference; lastKnownFileType = sourcecode.swift; path = Oliver_Functions.swift; sourceTree = "<group>"; };
		71935CC52632AF12006A500B /* DetailLookup.swift */ = {isa = PBXFileReference; lastKnownFileType = sourcecode.swift; path = DetailLookup.swift; sourceTree = "<group>"; };
/* End PBXFileReference section */

/* Begin PBXFrameworksBuildPhase section */
		71935C792630A882006A500B /* Frameworks */ = {
			isa = PBXFrameworksBuildPhase;
			buildActionMask = 2147483647;
			files = (
			);
			runOnlyForDeploymentPostprocessing = 0;
		};
/* End PBXFrameworksBuildPhase section */

/* Begin PBXGroup section */
		71935C732630A882006A500B = {
			isa = PBXGroup;
			children = (
				71935C7E2630A882006A500B /* PlanetGenerator */,
				71935C7D2630A882006A500B /* Products */,
			);
			sourceTree = "<group>";
		};
		71935C7D2630A882006A500B /* Products */ = {
			isa = PBXGroup;
			children = (
				71935C7C2630A882006A500B /* PlanetGenerator.app */,
			);
			name = Products;
			sourceTree = "<group>";
		};
		71935C7E2630A882006A500B /* PlanetGenerator */ = {
			isa = PBXGroup;
			children = (
				71935C992630AB61006A500B /* Oliver_Functions.swift */,
				71935C7F2630A882006A500B /* AppDelegate.swift */,
				71935C812630A882006A500B /* SceneDelegate.swift */,
				71935C832630A882006A500B /* ViewController.swift */,
				71935C852630A882006A500B /* Main.storyboard */,
				70B24CD226327402007140C9 /* FractionDisplayViewController.swift */,
				70B24CCE2631F336007140C9 /* PlanetDisplayViewController.swift */,
				71935C8A2630A883006A500B /* LaunchScreen.storyboard */,
				71935C882630A883006A500B /* Assets.xcassets */,
				71935C8D2630A883006A500B /* Info.plist */,
				71935CC52632AF12006A500B /* DetailLookup.swift */,
			);
			path = PlanetGenerator;
			sourceTree = "<group>";
		};
/* End PBXGroup section */

/* Begin PBXNativeTarget section */
		71935C7B2630A882006A500B /* PlanetGenerator */ = {
			isa = PBXNativeTarget;
			buildConfigurationList = 71935C902630A883006A500B /* Build configuration list for PBXNativeTarget "PlanetGenerator" */;
			buildPhases = (
				71935C782630A882006A500B /* Sources */,
				71935C792630A882006A500B /* Frameworks */,
				71935C7A2630A882006A500B /* Resources */,
			);
			buildRules = (
			);
			dependencies = (
			);
			name = PlanetGenerator;
			productName = PlanetGenerator;
			productReference = 71935C7C2630A882006A500B /* PlanetGenerator.app */;
			productType = "com.apple.product-type.application";
		};
/* End PBXNativeTarget section */

/* Begin PBXProject section */
		71935C742630A882006A500B /* Project object */ = {
			isa = PBXProject;
			attributes = {
				LastSwiftUpdateCheck = 1240;
				LastUpgradeCheck = 1240;
				TargetAttributes = {
					71935C7B2630A882006A500B = {
						CreatedOnToolsVersion = 12.4;
					};
				};
			};
			buildConfigurationList = 71935C772630A882006A500B /* Build configuration list for PBXProject "PlanetGenerator" */;
			compatibilityVersion = "Xcode 9.3";
			developmentRegion = en;
			hasScannedForEncodings = 0;
			knownRegions = (
				en,
				Base,
			);
			mainGroup = 71935C732630A882006A500B;
			productRefGroup = 71935C7D2630A882006A500B /* Products */;
			projectDirPath = "";
			projectRoot = "";
			targets = (
				71935C7B2630A882006A500B /* PlanetGenerator */,
			);
		};
/* End PBXProject section */

/* Begin PBXResourcesBuildPhase section */
		71935C7A2630A882006A500B /* Resources */ = {
			isa = PBXResourcesBuildPhase;
			buildActionMask = 2147483647;
			files = (
				71935C8C2630A883006A500B /* LaunchScreen.storyboard in Resources */,
				71935C892630A883006A500B /* Assets.xcassets in Resources */,
				71935C872630A882006A500B /* Main.storyboard in Resources */,
			);
			runOnlyForDeploymentPostprocessing = 0;
		};
/* End PBXResourcesBuildPhase section */

/* Begin PBXSourcesBuildPhase section */
		71935C782630A882006A500B /* Sources */ = {
			isa = PBXSourcesBuildPhase;
			buildActionMask = 2147483647;
			files = (
				71935C842630A882006A500B /* ViewController.swift in Sources */,
				71935C802630A882006A500B /* AppDelegate.swift in Sources */,
				71935C9A2630AB61006A500B /* Oliver_Functions.swift in Sources */,
				70B24CD326327402007140C9 /* FractionDisplayViewController.swift in Sources */,
				70B24CCF2631F336007140C9 /* PlanetDisplayViewController.swift in Sources */,
				71935C822630A882006A500B /* SceneDelegate.swift in Sources */,
				71935CC62632AF12006A500B /* DetailLookup.swift in Sources */,
			);
			runOnlyForDeploymentPostprocessing = 0;
		};
/* End PBXSourcesBuildPhase section */

/* Begin PBXVariantGroup section */
		71935C852630A882006A500B /* Main.storyboard */ = {
			isa = PBXVariantGroup;
			children = (
				71935C862630A882006A500B /* Base */,
			);
			name = Main.storyboard;
			sourceTree = "<group>";
		};
		71935C8A2630A883006A500B /* LaunchScreen.storyboard */ = {
			isa = PBXVariantGroup;
			children = (
				71935C8B2630A883006A500B /* Base */,
			);
			name = LaunchScreen.storyboard;
			sourceTree = "<group>";
		};
/* End PBXVariantGroup section */

/* Begin XCBuildConfiguration section */
		71935C8E2630A883006A500B /* Debug */ = {
			isa = XCBuildConfiguration;
			buildSettings = {
				ALWAYS_SEARCH_USER_PATHS = NO;
				CLANG_ANALYZER_NONNULL = YES;
				CLANG_ANALYZER_NUMBER_OBJECT_CONVERSION = YES_AGGRESSIVE;
				CLANG_CXX_LANGUAGE_STANDARD = "gnu++14";
				CLANG_CXX_LIBRARY = "libc++";
				CLANG_ENABLE_MODULES = YES;
				CLANG_ENABLE_OBJC_ARC = YES;
				CLANG_ENABLE_OBJC_WEAK = YES;
				CLANG_WARN_BLOCK_CAPTURE_AUTORELEASING = YES;
				CLANG_WARN_BOOL_CONVERSION = YES;
				CLANG_WARN_COMMA = YES;
				CLANG_WARN_CONSTANT_CONVERSION = YES;
				CLANG_WARN_DEPRECATED_OBJC_IMPLEMENTATIONS = YES;
				CLANG_WARN_DIRECT_OBJC_ISA_USAGE = YES_ERROR;
				CLANG_WARN_DOCUMENTATION_COMMENTS = YES;
				CLANG_WARN_EMPTY_BODY = YES;
				CLANG_WARN_ENUM_CONVERSION = YES;
				CLANG_WARN_INFINITE_RECURSION = YES;
				CLANG_WARN_INT_CONVERSION = YES;
				CLANG_WARN_NON_LITERAL_NULL_CONVERSION = YES;
				CLANG_WARN_OBJC_IMPLICIT_RETAIN_SELF = YES;
				CLANG_WARN_OBJC_LITERAL_CONVERSION = YES;
				CLANG_WARN_OBJC_ROOT_CLASS = YES_ERROR;
				CLANG_WARN_QUOTED_INCLUDE_IN_FRAMEWORK_HEADER = YES;
				CLANG_WARN_RANGE_LOOP_ANALYSIS = YES;
				CLANG_WARN_STRICT_PROTOTYPES = YES;
				CLANG_WARN_SUSPICIOUS_MOVE = YES;
				CLANG_WARN_UNGUARDED_AVAILABILITY = YES_AGGRESSIVE;
				CLANG_WARN_UNREACHABLE_CODE = YES;
				CLANG_WARN__DUPLICATE_METHOD_MATCH = YES;
				COPY_PHASE_STRIP = NO;
				DEBUG_INFORMATION_FORMAT = dwarf;
				ENABLE_STRICT_OBJC_MSGSEND = YES;
				ENABLE_TESTABILITY = YES;
				GCC_C_LANGUAGE_STANDARD = gnu11;
				GCC_DYNAMIC_NO_PIC = NO;
				GCC_NO_COMMON_BLOCKS = YES;
				GCC_OPTIMIZATION_LEVEL = 0;
				GCC_PREPROCESSOR_DEFINITIONS = (
					"DEBUG=1",
					"$(inherited)",
				);
				GCC_WARN_64_TO_32_BIT_CONVERSION = YES;
				GCC_WARN_ABOUT_RETURN_TYPE = YES_ERROR;
				GCC_WARN_UNDECLARED_SELECTOR = YES;
				GCC_WARN_UNINITIALIZED_AUTOS = YES_AGGRESSIVE;
				GCC_WARN_UNUSED_FUNCTION = YES;
				GCC_WARN_UNUSED_VARIABLE = YES;
				IPHONEOS_DEPLOYMENT_TARGET = 14.4;
				MTL_ENABLE_DEBUG_INFO = INCLUDE_SOURCE;
				MTL_FAST_MATH = YES;
				ONLY_ACTIVE_ARCH = YES;
				SDKROOT = iphoneos;
				SWIFT_ACTIVE_COMPILATION_CONDITIONS = DEBUG;
				SWIFT_OPTIMIZATION_LEVEL = "-Onone";
			};
			name = Debug;
		};
		71935C8F2630A883006A500B /* Release */ = {
			isa = XCBuildConfiguration;
			buildSettings = {
				ALWAYS_SEARCH_USER_PATHS = NO;
				CLANG_ANALYZER_NONNULL = YES;
				CLANG_ANALYZER_NUMBER_OBJECT_CONVERSION = YES_AGGRESSIVE;
				CLANG_CXX_LANGUAGE_STANDARD = "gnu++14";
				CLANG_CXX_LIBRARY = "libc++";
				CLANG_ENABLE_MODULES = YES;
				CLANG_ENABLE_OBJC_ARC = YES;
				CLANG_ENABLE_OBJC_WEAK = YES;
				CLANG_WARN_BLOCK_CAPTURE_AUTORELEASING = YES;
				CLANG_WARN_BOOL_CONVERSION = YES;
				CLANG_WARN_COMMA = YES;
				CLANG_WARN_CONSTANT_CONVERSION = YES;
				CLANG_WARN_DEPRECATED_OBJC_IMPLEMENTATIONS = YES;
				CLANG_WARN_DIRECT_OBJC_ISA_USAGE = YES_ERROR;
				CLANG_WARN_DOCUMENTATION_COMMENTS = YES;
				CLANG_WARN_EMPTY_BODY = YES;
				CLANG_WARN_ENUM_CONVERSION = YES;
				CLANG_WARN_INFINITE_RECURSION = YES;
				CLANG_WARN_INT_CONVERSION = YES;
				CLANG_WARN_NON_LITERAL_NULL_CONVERSION = YES;
				CLANG_WARN_OBJC_IMPLICIT_RETAIN_SELF = YES;
				CLANG_WARN_OBJC_LITERAL_CONVERSION = YES;
				CLANG_WARN_OBJC_ROOT_CLASS = YES_ERROR;
				CLANG_WARN_QUOTED_INCLUDE_IN_FRAMEWORK_HEADER = YES;
				CLANG_WARN_RANGE_LOOP_ANALYSIS = YES;
				CLANG_WARN_STRICT_PROTOTYPES = YES;
				CLANG_WARN_SUSPICIOUS_MOVE = YES;
				CLANG_WARN_UNGUARDED_AVAILABILITY = YES_AGGRESSIVE;
				CLANG_WARN_UNREACHABLE_CODE = YES;
				CLANG_WARN__DUPLICATE_METHOD_MATCH = YES;
				COPY_PHASE_STRIP = NO;
				DEBUG_INFORMATION_FORMAT = "dwarf-with-dsym";
				ENABLE_NS_ASSERTIONS = NO;
				ENABLE_STRICT_OBJC_MSGSEND = YES;
				GCC_C_LANGUAGE_STANDARD = gnu11;
				GCC_NO_COMMON_BLOCKS = YES;
				GCC_WARN_64_TO_32_BIT_CONVERSION = YES;
				GCC_WARN_ABOUT_RETURN_TYPE = YES_ERROR;
				GCC_WARN_UNDECLARED_SELECTOR = YES;
				GCC_WARN_UNINITIALIZED_AUTOS = YES_AGGRESSIVE;
				GCC_WARN_UNUSED_FUNCTION = YES;
				GCC_WARN_UNUSED_VARIABLE = YES;
				IPHONEOS_DEPLOYMENT_TARGET = 14.4;
				MTL_ENABLE_DEBUG_INFO = NO;
				MTL_FAST_MATH = YES;
				SDKROOT = iphoneos;
				SWIFT_COMPILATION_MODE = wholemodule;
				SWIFT_OPTIMIZATION_LEVEL = "-O";
				VALIDATE_PRODUCT = YES;
			};
			name = Release;
		};
		71935C912630A883006A500B /* Debug */ = {
			isa = XCBuildConfiguration;
			buildSettings = {
				ASSETCATALOG_COMPILER_APPICON_NAME = AppIcon;
				ASSETCATALOG_COMPILER_GLOBAL_ACCENT_COLOR_NAME = AccentColor;
				CODE_SIGN_STYLE = Automatic;
				DEVELOPMENT_TEAM = 4M22Z85865;
				INFOPLIST_FILE = PlanetGenerator/Info.plist;
				LD_RUNPATH_SEARCH_PATHS = (
					"$(inherited)",
					"@executable_path/Frameworks",
				);
				PRODUCT_BUNDLE_IDENTIFIER = GroupGenerator.PlanetGenerator;
				PRODUCT_NAME = "$(TARGET_NAME)";
				SWIFT_VERSION = 5.0;
				TARGETED_DEVICE_FAMILY = "1,2";
			};
			name = Debug;
		};
		71935C922630A883006A500B /* Release */ = {
			isa = XCBuildConfiguration;
			buildSettings = {
				ASSETCATALOG_COMPILER_APPICON_NAME = AppIcon;
				ASSETCATALOG_COMPILER_GLOBAL_ACCENT_COLOR_NAME = AccentColor;
				CODE_SIGN_STYLE = Automatic;
				DEVELOPMENT_TEAM = 4M22Z85865;
				INFOPLIST_FILE = PlanetGenerator/Info.plist;
				LD_RUNPATH_SEARCH_PATHS = (
					"$(inherited)",
					"@executable_path/Frameworks",
				);
				PRODUCT_BUNDLE_IDENTIFIER = GroupGenerator.PlanetGenerator;
				PRODUCT_NAME = "$(TARGET_NAME)";
				SWIFT_VERSION = 5.0;
				TARGETED_DEVICE_FAMILY = "1,2";
			};
			name = Release;
		};
/* End XCBuildConfiguration section */

/* Begin XCConfigurationList section */
		71935C772630A882006A500B /* Build configuration list for PBXProject "PlanetGenerator" */ = {
			isa = XCConfigurationList;
			buildConfigurations = (
				71935C8E2630A883006A500B /* Debug */,
				71935C8F2630A883006A500B /* Release */,
			);
			defaultConfigurationIsVisible = 0;
			defaultConfigurationName = Release;
		};
		71935C902630A883006A500B /* Build configuration list for PBXNativeTarget "PlanetGenerator" */ = {
			isa = XCConfigurationList;
			buildConfigurations = (
				71935C912630A883006A500B /* Debug */,
				71935C922630A883006A500B /* Release */,
			);
			defaultConfigurationIsVisible = 0;
			defaultConfigurationName = Release;
		};
/* End XCConfigurationList section */
	};
	rootObject = 71935C742630A882006A500B /* Project object */;
}
